// !$*UTF8*$!
{
	archiveVersion = 1;
	classes = {
	};
	objectVersion = 50;
	objects = {

/* Begin PBXBuildFile section */
		EC8564722178D00F00820CAB /* AppDelegate.swift in Sources */ = {isa = PBXBuildFile; fileRef = EC8564712178D00F00820CAB /* AppDelegate.swift */; };
		EC8564772178D00F00820CAB /* Main.storyboard in Resources */ = {isa = PBXBuildFile; fileRef = EC8564752178D00F00820CAB /* Main.storyboard */; };
		EC85647A2178D00F00820CAB /* CollectionViewSample.xcdatamodeld in Sources */ = {isa = PBXBuildFile; fileRef = EC8564782178D00F00820CAB /* CollectionViewSample.xcdatamodeld */; };
		EC85647C2178D01100820CAB /* Assets.xcassets in Resources */ = {isa = PBXBuildFile; fileRef = EC85647B2178D01100820CAB /* Assets.xcassets */; };
		EC85647F2178D01100820CAB /* LaunchScreen.storyboard in Resources */ = {isa = PBXBuildFile; fileRef = EC85647D2178D01100820CAB /* LaunchScreen.storyboard */; };
		EC85648A2178D01100820CAB /* CollectionViewSampleTests.swift in Sources */ = {isa = PBXBuildFile; fileRef = EC8564892178D01100820CAB /* CollectionViewSampleTests.swift */; };
		EC8564952178D01100820CAB /* CollectionViewSampleUITests.swift in Sources */ = {isa = PBXBuildFile; fileRef = EC8564942178D01100820CAB /* CollectionViewSampleUITests.swift */; };
		ECF9D898217AAEEC00C8799E /* TitleCell.swift in Sources */ = {isa = PBXBuildFile; fileRef = ECF9D892217AAEEC00C8799E /* TitleCell.swift */; };
		ECF9D899217AAEEC00C8799E /* CustomLayout.swift in Sources */ = {isa = PBXBuildFile; fileRef = ECF9D893217AAEEC00C8799E /* CustomLayout.swift */; };
		ECF9D89A217AAEEC00C8799E /* ViewController.swift in Sources */ = {isa = PBXBuildFile; fileRef = ECF9D896217AAEEC00C8799E /* ViewController.swift */; };
		ECF9D89D217AAF2700C8799E /* DataModel.swift in Sources */ = {isa = PBXBuildFile; fileRef = ECF9D89C217AAF2700C8799E /* DataModel.swift */; };
/* End PBXBuildFile section */

/* Begin PBXContainerItemProxy section */
		EC8564862178D01100820CAB /* PBXContainerItemProxy */ = {
			isa = PBXContainerItemProxy;
			containerPortal = EC8564662178D00F00820CAB /* Project object */;
			proxyType = 1;
			remoteGlobalIDString = EC85646D2178D00F00820CAB;
			remoteInfo = CollectionViewSample;
		};
		EC8564912178D01100820CAB /* PBXContainerItemProxy */ = {
			isa = PBXContainerItemProxy;
			containerPortal = EC8564662178D00F00820CAB /* Project object */;
			proxyType = 1;
			remoteGlobalIDString = EC85646D2178D00F00820CAB;
			remoteInfo = CollectionViewSample;
		};
/* End PBXContainerItemProxy section */

/* Begin PBXFileReference section */
		EC85646E2178D00F00820CAB /* CollectionViewSample.app */ = {isa = PBXFileReference; explicitFileType = wrapper.application; includeInIndex = 0; path = CollectionViewSample.app; sourceTree = BUILT_PRODUCTS_DIR; };
		EC8564712178D00F00820CAB /* AppDelegate.swift */ = {isa = PBXFileReference; lastKnownFileType = sourcecode.swift; path = AppDelegate.swift; sourceTree = "<group>"; };
		EC8564762178D00F00820CAB /* Base */ = {isa = PBXFileReference; lastKnownFileType = file.storyboard; name = Base; path = Base.lproj/Main.storyboard; sourceTree = "<group>"; };
		EC8564792178D00F00820CAB /* CollectionViewSample.xcdatamodel */ = {isa = PBXFileReference; lastKnownFileType = wrapper.xcdatamodel; path = CollectionViewSample.xcdatamodel; sourceTree = "<group>"; };
		EC85647B2178D01100820CAB /* Assets.xcassets */ = {isa = PBXFileReference; lastKnownFileType = folder.assetcatalog; path = Assets.xcassets; sourceTree = "<group>"; };
		EC85647E2178D01100820CAB /* Base */ = {isa = PBXFileReference; lastKnownFileType = file.storyboard; name = Base; path = Base.lproj/LaunchScreen.storyboard; sourceTree = "<group>"; };
		EC8564802178D01100820CAB /* Info.plist */ = {isa = PBXFileReference; lastKnownFileType = text.plist.xml; path = Info.plist; sourceTree = "<group>"; };
		EC8564852178D01100820CAB /* CollectionViewSampleTests.xctest */ = {isa = PBXFileReference; explicitFileType = wrapper.cfbundle; includeInIndex = 0; path = CollectionViewSampleTests.xctest; sourceTree = BUILT_PRODUCTS_DIR; };
		EC8564892178D01100820CAB /* CollectionViewSampleTests.swift */ = {isa = PBXFileReference; lastKnownFileType = sourcecode.swift; path = CollectionViewSampleTests.swift; sourceTree = "<group>"; };
		EC85648B2178D01100820CAB /* Info.plist */ = {isa = PBXFileReference; lastKnownFileType = text.plist.xml; path = Info.plist; sourceTree = "<group>"; };
		EC8564902178D01100820CAB /* CollectionViewSampleUITests.xctest */ = {isa = PBXFileReference; explicitFileType = wrapper.cfbundle; includeInIndex = 0; path = CollectionViewSampleUITests.xctest; sourceTree = BUILT_PRODUCTS_DIR; };
		EC8564942178D01100820CAB /* CollectionViewSampleUITests.swift */ = {isa = PBXFileReference; lastKnownFileType = sourcecode.swift; path = CollectionViewSampleUITests.swift; sourceTree = "<group>"; };
		EC8564962178D01100820CAB /* Info.plist */ = {isa = PBXFileReference; lastKnownFileType = text.plist.xml; path = Info.plist; sourceTree = "<group>"; };
		ECF9D892217AAEEC00C8799E /* TitleCell.swift */ = {isa = PBXFileReference; fileEncoding = 4; lastKnownFileType = sourcecode.swift; path = TitleCell.swift; sourceTree = "<group>"; };
		ECF9D893217AAEEC00C8799E /* CustomLayout.swift */ = {isa = PBXFileReference; fileEncoding = 4; lastKnownFileType = sourcecode.swift; path = CustomLayout.swift; sourceTree = "<group>"; };
		ECF9D896217AAEEC00C8799E /* ViewController.swift */ = {isa = PBXFileReference; fileEncoding = 4; lastKnownFileType = sourcecode.swift; path = ViewController.swift; sourceTree = "<group>"; };
		ECF9D89C217AAF2700C8799E /* DataModel.swift */ = {isa = PBXFileReference; fileEncoding = 4; lastKnownFileType = sourcecode.swift; path = DataModel.swift; sourceTree = "<group>"; };
/* End PBXFileReference section */

/* Begin PBXFrameworksBuildPhase section */
		EC85646B2178D00F00820CAB /* Frameworks */ = {
			isa = PBXFrameworksBuildPhase;
			buildActionMask = 2147483647;
			files = (
			);
			runOnlyForDeploymentPostprocessing = 0;
		};
		EC8564822178D01100820CAB /* Frameworks */ = {
			isa = PBXFrameworksBuildPhase;
			buildActionMask = 2147483647;
			files = (
			);
			runOnlyForDeploymentPostprocessing = 0;
		};
		EC85648D2178D01100820CAB /* Frameworks */ = {
			isa = PBXFrameworksBuildPhase;
			buildActionMask = 2147483647;
			files = (
			);
			runOnlyForDeploymentPostprocessing = 0;
		};
/* End PBXFrameworksBuildPhase section */

/* Begin PBXGroup section */
		EC8564652178D00F00820CAB = {
			isa = PBXGroup;
			children = (
				EC8564702178D00F00820CAB /* CollectionViewSample */,
				EC8564882178D01100820CAB /* CollectionViewSampleTests */,
				EC8564932178D01100820CAB /* CollectionViewSampleUITests */,
				EC85646F2178D00F00820CAB /* Products */,
			);
			sourceTree = "<group>";
		};
		EC85646F2178D00F00820CAB /* Products */ = {
			isa = PBXGroup;
			children = (
				EC85646E2178D00F00820CAB /* CollectionViewSample.app */,
				EC8564852178D01100820CAB /* CollectionViewSampleTests.xctest */,
				EC8564902178D01100820CAB /* CollectionViewSampleUITests.xctest */,
			);
			name = Products;
			sourceTree = "<group>";
		};
		EC8564702178D00F00820CAB /* CollectionViewSample */ = {
			isa = PBXGroup;
			children = (
				ECF9D891217AAEEC00C8799E /* Cells */,
				ECF9D895217AAEEC00C8799E /* Controllers */,
				ECF9D894217AAEEC00C8799E /* Model */,
				EC8564712178D00F00820CAB /* AppDelegate.swift */,
				EC8564752178D00F00820CAB /* Main.storyboard */,
				EC85647B2178D01100820CAB /* Assets.xcassets */,
				EC85647D2178D01100820CAB /* LaunchScreen.storyboard */,
				EC8564802178D01100820CAB /* Info.plist */,
				EC8564782178D00F00820CAB /* CollectionViewSample.xcdatamodeld */,
			);
			path = CollectionViewSample;
			sourceTree = "<group>";
		};
		EC8564882178D01100820CAB /* CollectionViewSampleTests */ = {
			isa = PBXGroup;
			children = (
				EC8564892178D01100820CAB /* CollectionViewSampleTests.swift */,
				EC85648B2178D01100820CAB /* Info.plist */,
			);
			path = CollectionViewSampleTests;
			sourceTree = "<group>";
		};
		EC8564932178D01100820CAB /* CollectionViewSampleUITests */ = {
			isa = PBXGroup;
			children = (
				EC8564942178D01100820CAB /* CollectionViewSampleUITests.swift */,
				EC8564962178D01100820CAB /* Info.plist */,
			);
			path = CollectionViewSampleUITests;
			sourceTree = "<group>";
		};
		ECF9D891217AAEEC00C8799E /* Cells */ = {
			isa = PBXGroup;
			children = (
				ECF9D892217AAEEC00C8799E /* TitleCell.swift */,
				ECF9D893217AAEEC00C8799E /* CustomLayout.swift */,
			);
			path = Cells;
			sourceTree = "<group>";
		};
		ECF9D894217AAEEC00C8799E /* Model */ = {
			isa = PBXGroup;
			children = (
				ECF9D89C217AAF2700C8799E /* DataModel.swift */,
			);
			path = Model;
			sourceTree = "<group>";
		};
		ECF9D895217AAEEC00C8799E /* Controllers */ = {
			isa = PBXGroup;
			children = (
				ECF9D896217AAEEC00C8799E /* ViewController.swift */,
			);
			path = Controllers;
			sourceTree = "<group>";
		};
/* End PBXGroup section */

/* Begin PBXNativeTarget section */
		EC85646D2178D00F00820CAB /* CollectionViewSample */ = {
			isa = PBXNativeTarget;
			buildConfigurationList = EC8564992178D01100820CAB /* Build configuration list for PBXNativeTarget "CollectionViewSample" */;
			buildPhases = (
				EC85646A2178D00F00820CAB /* Sources */,
				EC85646B2178D00F00820CAB /* Frameworks */,
				EC85646C2178D00F00820CAB /* Resources */,
			);
			buildRules = (
			);
			dependencies = (
			);
			name = CollectionViewSample;
			productName = CollectionViewSample;
			productReference = EC85646E2178D00F00820CAB /* CollectionViewSample.app */;
			productType = "com.apple.product-type.application";
		};
		EC8564842178D01100820CAB /* CollectionViewSampleTests */ = {
			isa = PBXNativeTarget;
			buildConfigurationList = EC85649C2178D01100820CAB /* Build configuration list for PBXNativeTarget "CollectionViewSampleTests" */;
			buildPhases = (
				EC8564812178D01100820CAB /* Sources */,
				EC8564822178D01100820CAB /* Frameworks */,
				EC8564832178D01100820CAB /* Resources */,
			);
			buildRules = (
			);
			dependencies = (
				EC8564872178D01100820CAB /* PBXTargetDependency */,
			);
			name = CollectionViewSampleTests;
			productName = CollectionViewSampleTests;
			productReference = EC8564852178D01100820CAB /* CollectionViewSampleTests.xctest */;
			productType = "com.apple.product-type.bundle.unit-test";
		};
		EC85648F2178D01100820CAB /* CollectionViewSampleUITests */ = {
			isa = PBXNativeTarget;
			buildConfigurationList = EC85649F2178D01100820CAB /* Build configuration list for PBXNativeTarget "CollectionViewSampleUITests" */;
			buildPhases = (
				EC85648C2178D01100820CAB /* Sources */,
				EC85648D2178D01100820CAB /* Frameworks */,
				EC85648E2178D01100820CAB /* Resources */,
			);
			buildRules = (
			);
			dependencies = (
				EC8564922178D01100820CAB /* PBXTargetDependency */,
			);
			name = CollectionViewSampleUITests;
			productName = CollectionViewSampleUITests;
			productReference = EC8564902178D01100820CAB /* CollectionViewSampleUITests.xctest */;
			productType = "com.apple.product-type.bundle.ui-testing";
		};
/* End PBXNativeTarget section */

/* Begin PBXProject section */
		EC8564662178D00F00820CAB /* Project object */ = {
			isa = PBXProject;
			attributes = {
				LastSwiftUpdateCheck = 1000;
				LastUpgradeCheck = 1000;
				ORGANIZATIONNAME = test;
				TargetAttributes = {
					EC85646D2178D00F00820CAB = {
						CreatedOnToolsVersion = 10.0;
					};
					EC8564842178D01100820CAB = {
						CreatedOnToolsVersion = 10.0;
						TestTargetID = EC85646D2178D00F00820CAB;
					};
					EC85648F2178D01100820CAB = {
						CreatedOnToolsVersion = 10.0;
						TestTargetID = EC85646D2178D00F00820CAB;
					};
				};
			};
			buildConfigurationList = EC8564692178D00F00820CAB /* Build configuration list for PBXProject "CollectionViewSample" */;
			compatibilityVersion = "Xcode 9.3";
			developmentRegion = en;
			hasScannedForEncodings = 0;
			knownRegions = (
				en,
				Base,
			);
			mainGroup = EC8564652178D00F00820CAB;
			productRefGroup = EC85646F2178D00F00820CAB /* Products */;
			projectDirPath = "";
			projectRoot = "";
			targets = (
				EC85646D2178D00F00820CAB /* CollectionViewSample */,
				EC8564842178D01100820CAB /* CollectionViewSampleTests */,
				EC85648F2178D01100820CAB /* CollectionViewSampleUITests */,
			);
		};
/* End PBXProject section */

/* Begin PBXResourcesBuildPhase section */
		EC85646C2178D00F00820CAB /* Resources */ = {
			isa = PBXResourcesBuildPhase;
			buildActionMask = 2147483647;
			files = (
				EC85647F2178D01100820CAB /* LaunchScreen.storyboard in Resources */,
				EC85647C2178D01100820CAB /* Assets.xcassets in Resources */,
				EC8564772178D00F00820CAB /* Main.storyboard in Resources */,
			);
			runOnlyForDeploymentPostprocessing = 0;
		};
		EC8564832178D01100820CAB /* Resources */ = {
			isa = PBXResourcesBuildPhase;
			buildActionMask = 2147483647;
			files = (
			);
			runOnlyForDeploymentPostprocessing = 0;
		};
		EC85648E2178D01100820CAB /* Resources */ = {
			isa = PBXResourcesBuildPhase;
			buildActionMask = 2147483647;
			files = (
			);
			runOnlyForDeploymentPostprocessing = 0;
		};
/* End PBXResourcesBuildPhase section */

/* Begin PBXSourcesBuildPhase section */
		EC85646A2178D00F00820CAB /* Sources */ = {
			isa = PBXSourcesBuildPhase;
			buildActionMask = 2147483647;
			files = (
				ECF9D89A217AAEEC00C8799E /* ViewController.swift in Sources */,
				ECF9D898217AAEEC00C8799E /* TitleCell.swift in Sources */,
				EC85647A2178D00F00820CAB /* CollectionViewSample.xcdatamodeld in Sources */,
				ECF9D899217AAEEC00C8799E /* CustomLayout.swift in Sources */,
				EC8564722178D00F00820CAB /* AppDelegate.swift in Sources */,
				ECF9D89D217AAF2700C8799E /* DataModel.swift in Sources */,
			);
			runOnlyForDeploymentPostprocessing = 0;
		};
		EC8564812178D01100820CAB /* Sources */ = {
			isa = PBXSourcesBuildPhase;
			buildActionMask = 2147483647;
			files = (
				EC85648A2178D01100820CAB /* CollectionViewSampleTests.swift in Sources */,
			);
			runOnlyForDeploymentPostprocessing = 0;
		};
		EC85648C2178D01100820CAB /* Sources */ = {
			isa = PBXSourcesBuildPhase;
			buildActionMask = 2147483647;
			files = (
				EC8564952178D01100820CAB /* CollectionViewSampleUITests.swift in Sources */,
			);
			runOnlyForDeploymentPostprocessing = 0;
		};
/* End PBXSourcesBuildPhase section */

/* Begin PBXTargetDependency section */
		EC8564872178D01100820CAB /* PBXTargetDependency */ = {
			isa = PBXTargetDependency;
			target = EC85646D2178D00F00820CAB /* CollectionViewSample */;
			targetProxy = EC8564862178D01100820CAB /* PBXContainerItemProxy */;
		};
		EC8564922178D01100820CAB /* PBXTargetDependency */ = {
			isa = PBXTargetDependency;
			target = EC85646D2178D00F00820CAB /* CollectionViewSample */;
			targetProxy = EC8564912178D01100820CAB /* PBXContainerItemProxy */;
		};
/* End PBXTargetDependency section */

/* Begin PBXVariantGroup section */
		EC8564752178D00F00820CAB /* Main.storyboard */ = {
			isa = PBXVariantGroup;
			children = (
				EC8564762178D00F00820CAB /* Base */,
			);
			name = Main.storyboard;
			sourceTree = "<group>";
		};
		EC85647D2178D01100820CAB /* LaunchScreen.storyboard */ = {
			isa = PBXVariantGroup;
			children = (
				EC85647E2178D01100820CAB /* Base */,
			);
			name = LaunchScreen.storyboard;
			sourceTree = "<group>";
		};
/* End PBXVariantGroup section */

/* Begin XCBuildConfiguration section */
		EC8564972178D01100820CAB /* Debug */ = {
			isa = XCBuildConfiguration;
			buildSettings = {
				ALWAYS_SEARCH_USER_PATHS = NO;
				CLANG_ANALYZER_NONNULL = YES;
				CLANG_ANALYZER_NUMBER_OBJECT_CONVERSION = YES_AGGRESSIVE;
				CLANG_CXX_LANGUAGE_STANDARD = "gnu++14";
				CLANG_CXX_LIBRARY = "libc++";
				CLANG_ENABLE_MODULES = YES;
				CLANG_ENABLE_OBJC_ARC = YES;
				CLANG_ENABLE_OBJC_WEAK = YES;
				CLANG_WARN_BLOCK_CAPTURE_AUTORELEASING = YES;
				CLANG_WARN_BOOL_CONVERSION = YES;
				CLANG_WARN_COMMA = YES;
				CLANG_WARN_CONSTANT_CONVERSION = YES;
				CLANG_WARN_DEPRECATED_OBJC_IMPLEMENTATIONS = YES;
				CLANG_WARN_DIRECT_OBJC_ISA_USAGE = YES_ERROR;
				CLANG_WARN_DOCUMENTATION_COMMENTS = YES;
				CLANG_WARN_EMPTY_BODY = YES;
				CLANG_WARN_ENUM_CONVERSION = YES;
				CLANG_WARN_INFINITE_RECURSION = YES;
				CLANG_WARN_INT_CONVERSION = YES;
				CLANG_WARN_NON_LITERAL_NULL_CONVERSION = YES;
				CLANG_WARN_OBJC_IMPLICIT_RETAIN_SELF = YES;
				CLANG_WARN_OBJC_LITERAL_CONVERSION = YES;
				CLANG_WARN_OBJC_ROOT_CLASS = YES_ERROR;
				CLANG_WARN_RANGE_LOOP_ANALYSIS = YES;
				CLANG_WARN_STRICT_PROTOTYPES = YES;
				CLANG_WARN_SUSPICIOUS_MOVE = YES;
				CLANG_WARN_UNGUARDED_AVAILABILITY = YES_AGGRESSIVE;
				CLANG_WARN_UNREACHABLE_CODE = YES;
				CLANG_WARN__DUPLICATE_METHOD_MATCH = YES;
				CODE_SIGN_IDENTITY = "iPhone Developer";
				COPY_PHASE_STRIP = NO;
				DEBUG_INFORMATION_FORMAT = dwarf;
				ENABLE_STRICT_OBJC_MSGSEND = YES;
				ENABLE_TESTABILITY = YES;
				GCC_C_LANGUAGE_STANDARD = gnu11;
				GCC_DYNAMIC_NO_PIC = NO;
				GCC_NO_COMMON_BLOCKS = YES;
				GCC_OPTIMIZATION_LEVEL = 0;
				GCC_PREPROCESSOR_DEFINITIONS = (
					"DEBUG=1",
					"$(inherited)",
				);
				GCC_WARN_64_TO_32_BIT_CONVERSION = YES;
				GCC_WARN_ABOUT_RETURN_TYPE = YES_ERROR;
				GCC_WARN_UNDECLARED_SELECTOR = YES;
				GCC_WARN_UNINITIALIZED_AUTOS = YES_AGGRESSIVE;
				GCC_WARN_UNUSED_FUNCTION = YES;
				GCC_WARN_UNUSED_VARIABLE = YES;
				IPHONEOS_DEPLOYMENT_TARGET = 12.0;
				MTL_ENABLE_DEBUG_INFO = INCLUDE_SOURCE;
				MTL_FAST_MATH = YES;
				ONLY_ACTIVE_ARCH = YES;
				SDKROOT = iphoneos;
				SWIFT_ACTIVE_COMPILATION_CONDITIONS = DEBUG;
				SWIFT_OPTIMIZATION_LEVEL = "-Onone";
			};
			name = Debug;
		};
		EC8564982178D01100820CAB /* Release */ = {
			isa = XCBuildConfiguration;
			buildSettings = {
				ALWAYS_SEARCH_USER_PATHS = NO;
				CLANG_ANALYZER_NONNULL = YES;
				CLANG_ANALYZER_NUMBER_OBJECT_CONVERSION = YES_AGGRESSIVE;
				CLANG_CXX_LANGUAGE_STANDARD = "gnu++14";
				CLANG_CXX_LIBRARY = "libc++";
				CLANG_ENABLE_MODULES = YES;
				CLANG_ENABLE_OBJC_ARC = YES;
				CLANG_ENABLE_OBJC_WEAK = YES;
				CLANG_WARN_BLOCK_CAPTURE_AUTORELEASING = YES;
				CLANG_WARN_BOOL_CONVERSION = YES;
				CLANG_WARN_COMMA = YES;
				CLANG_WARN_CONSTANT_CONVERSION = YES;
				CLANG_WARN_DEPRECATED_OBJC_IMPLEMENTATIONS = YES;
				CLANG_WARN_DIRECT_OBJC_ISA_USAGE = YES_ERROR;
				CLANG_WARN_DOCUMENTATION_COMMENTS = YES;
				CLANG_WARN_EMPTY_BODY = YES;
				CLANG_WARN_ENUM_CONVERSION = YES;
				CLANG_WARN_INFINITE_RECURSION = YES;
				CLANG_WARN_INT_CONVERSION = YES;
				CLANG_WARN_NON_LITERAL_NULL_CONVERSION = YES;
				CLANG_WARN_OBJC_IMPLICIT_RETAIN_SELF = YES;
				CLANG_WARN_OBJC_LITERAL_CONVERSION = YES;
				CLANG_WARN_OBJC_ROOT_CLASS = YES_ERROR;
				CLANG_WARN_RANGE_LOOP_ANALYSIS = YES;
				CLANG_WARN_STRICT_PROTOTYPES = YES;
				CLANG_WARN_SUSPICIOUS_MOVE = YES;
				CLANG_WARN_UNGUARDED_AVAILABILITY = YES_AGGRESSIVE;
				CLANG_WARN_UNREACHABLE_CODE = YES;
				CLANG_WARN__DUPLICATE_METHOD_MATCH = YES;
				CODE_SIGN_IDENTITY = "iPhone Developer";
				COPY_PHASE_STRIP = NO;
				DEBUG_INFORMATION_FORMAT = "dwarf-with-dsym";
				ENABLE_NS_ASSERTIONS = NO;
				ENABLE_STRICT_OBJC_MSGSEND = YES;
				GCC_C_LANGUAGE_STANDARD = gnu11;
				GCC_NO_COMMON_BLOCKS = YES;
				GCC_WARN_64_TO_32_BIT_CONVERSION = YES;
				GCC_WARN_ABOUT_RETURN_TYPE = YES_ERROR;
				GCC_WARN_UNDECLARED_SELECTOR = YES;
				GCC_WARN_UNINITIALIZED_AUTOS = YES_AGGRESSIVE;
				GCC_WARN_UNUSED_FUNCTION = YES;
				GCC_WARN_UNUSED_VARIABLE = YES;
				IPHONEOS_DEPLOYMENT_TARGET = 12.0;
				MTL_ENABLE_DEBUG_INFO = NO;
				MTL_FAST_MATH = YES;
				SDKROOT = iphoneos;
				SWIFT_COMPILATION_MODE = wholemodule;
				SWIFT_OPTIMIZATION_LEVEL = "-O";
				VALIDATE_PRODUCT = YES;
			};
			name = Release;
		};
		EC85649A2178D01100820CAB /* Debug */ = {
			isa = XCBuildConfiguration;
			buildSettings = {
				ASSETCATALOG_COMPILER_APPICON_NAME = AppIcon;
				CODE_SIGN_STYLE = Automatic;
				INFOPLIST_FILE = CollectionViewSample/Info.plist;
				LD_RUNPATH_SEARCH_PATHS = (
					"$(inherited)",
					"@executable_path/Frameworks",
				);
				PRODUCT_BUNDLE_IDENTIFIER = Test.CollectionViewSample;
				PRODUCT_NAME = "$(TARGET_NAME)";
				SWIFT_VERSION = 4.2;
				TARGETED_DEVICE_FAMILY = "1,2";
			};
			name = Debug;
		};
		EC85649B2178D01100820CAB /* Release */ = {
			isa = XCBuildConfiguration;
			buildSettings = {
				ASSETCATALOG_COMPILER_APPICON_NAME = AppIcon;
				CODE_SIGN_STYLE = Automatic;
				INFOPLIST_FILE = CollectionViewSample/Info.plist;
				LD_RUNPATH_SEARCH_PATHS = (
					"$(inherited)",
					"@executable_path/Frameworks",
				);
				PRODUCT_BUNDLE_IDENTIFIER = Test.CollectionViewSample;
				PRODUCT_NAME = "$(TARGET_NAME)";
				SWIFT_VERSION = 4.2;
				TARGETED_DEVICE_FAMILY = "1,2";
			};
			name = Release;
		};
		EC85649D2178D01100820CAB /* Debug */ = {
			isa = XCBuildConfiguration;
			buildSettings = {
				ALWAYS_EMBED_SWIFT_STANDARD_LIBRARIES = YES;
				BUNDLE_LOADER = "$(TEST_HOST)";
				CODE_SIGN_STYLE = Automatic;
				INFOPLIST_FILE = CollectionViewSampleTests/Info.plist;
				LD_RUNPATH_SEARCH_PATHS = (
					"$(inherited)",
					"@executable_path/Frameworks",
					"@loader_path/Frameworks",
				);
				PRODUCT_BUNDLE_IDENTIFIER = Test.CollectionViewSampleTests;
				PRODUCT_NAME = "$(TARGET_NAME)";
				SWIFT_VERSION = 4.2;
				TARGETED_DEVICE_FAMILY = "1,2";
				TEST_HOST = "$(BUILT_PRODUCTS_DIR)/CollectionViewSample.app/CollectionViewSample";
			};
			name = Debug;
		};
		EC85649E2178D01100820CAB /* Release */ = {
			isa = XCBuildConfiguration;
			buildSettings = {
				ALWAYS_EMBED_SWIFT_STANDARD_LIBRARIES = YES;
				BUNDLE_LOADER = "$(TEST_HOST)";
				CODE_SIGN_STYLE = Automatic;
				INFOPLIST_FILE = CollectionViewSampleTests/Info.plist;
				LD_RUNPATH_SEARCH_PATHS = (
					"$(inherited)",
					"@executable_path/Frameworks",
					"@loader_path/Frameworks",
				);
				PRODUCT_BUNDLE_IDENTIFIER = Test.CollectionViewSampleTests;
				PRODUCT_NAME = "$(TARGET_NAME)";
				SWIFT_VERSION = 4.2;
				TARGETED_DEVICE_FAMILY = "1,2";
				TEST_HOST = "$(BUILT_PRODUCTS_DIR)/CollectionViewSample.app/CollectionViewSample";
			};
			name = Release;
		};
		EC8564A02178D01100820CAB /* Debug */ = {
			isa = XCBuildConfiguration;
			buildSettings = {
				ALWAYS_EMBED_SWIFT_STANDARD_LIBRARIES = YES;
				CODE_SIGN_STYLE = Automatic;
				INFOPLIST_FILE = CollectionViewSampleUITests/Info.plist;
				LD_RUNPATH_SEARCH_PATHS = (
					"$(inherited)",
					"@executable_path/Frameworks",
					"@loader_path/Frameworks",
				);
				PRODUCT_BUNDLE_IDENTIFIER = Test.CollectionViewSampleUITests;
				PRODUCT_NAME = "$(TARGET_NAME)";
				SWIFT_VERSION = 4.2;
				TARGETED_DEVICE_FAMILY = "1,2";
				TEST_TARGET_NAME = CollectionViewSample;
			};
			name = Debug;
		};
		EC8564A12178D01100820CAB /* Release */ = {
			isa = XCBuildConfiguration;
			buildSettings = {
				ALWAYS_EMBED_SWIFT_STANDARD_LIBRARIES = YES;
				CODE_SIGN_STYLE = Automatic;
				INFOPLIST_FILE = CollectionViewSampleUITests/Info.plist;
				LD_RUNPATH_SEARCH_PATHS = (
					"$(inherited)",
					"@executable_path/Frameworks",
					"@loader_path/Frameworks",
				);
				PRODUCT_BUNDLE_IDENTIFIER = Test.CollectionViewSampleUITests;
				PRODUCT_NAME = "$(TARGET_NAME)";
				SWIFT_VERSION = 4.2;
				TARGETED_DEVICE_FAMILY = "1,2";
				TEST_TARGET_NAME = CollectionViewSample;
			};
			name = Release;
		};
/* End XCBuildConfiguration section */

/* Begin XCConfigurationList section */
		EC8564692178D00F00820CAB /* Build configuration list for PBXProject "CollectionViewSample" */ = {
			isa = XCConfigurationList;
			buildConfigurations = (
				EC8564972178D01100820CAB /* Debug */,
				EC8564982178D01100820CAB /* Release */,
			);
			defaultConfigurationIsVisible = 0;
			defaultConfigurationName = Release;
		};
		EC8564992178D01100820CAB /* Build configuration list for PBXNativeTarget "CollectionViewSample" */ = {
			isa = XCConfigurationList;
			buildConfigurations = (
				EC85649A2178D01100820CAB /* Debug */,
				EC85649B2178D01100820CAB /* Release */,
			);
			defaultConfigurationIsVisible = 0;
			defaultConfigurationName = Release;
		};
		EC85649C2178D01100820CAB /* Build configuration list for PBXNativeTarget "CollectionViewSampleTests" */ = {
			isa = XCConfigurationList;
			buildConfigurations = (
				EC85649D2178D01100820CAB /* Debug */,
				EC85649E2178D01100820CAB /* Release */,
			);
			defaultConfigurationIsVisible = 0;
			defaultConfigurationName = Release;
		};
		EC85649F2178D01100820CAB /* Build configuration list for PBXNativeTarget "CollectionViewSampleUITests" */ = {
			isa = XCConfigurationList;
			buildConfigurations = (
				EC8564A02178D01100820CAB /* Debug */,
				EC8564A12178D01100820CAB /* Release */,
			);
			defaultConfigurationIsVisible = 0;
			defaultConfigurationName = Release;
		};
/* End XCConfigurationList section */

/* Begin XCVersionGroup section */
		EC8564782178D00F00820CAB /* CollectionViewSample.xcdatamodeld */ = {
			isa = XCVersionGroup;
			children = (
				EC8564792178D00F00820CAB /* CollectionViewSample.xcdatamodel */,
			);
			currentVersion = EC8564792178D00F00820CAB /* CollectionViewSample.xcdatamodel */;
			path = CollectionViewSample.xcdatamodeld;
			sourceTree = "<group>";
			versionGroupType = wrapper.xcdatamodel;
		};
/* End XCVersionGroup section */
	};
	rootObject = EC8564662178D00F00820CAB /* Project object */;
}
